
Microsoft Visual Studio Solution File, Format Version 12.00
# Visual Studio Version 17
VisualStudioVersion = 17.13.35818.85 d17.13
MinimumVisualStudioVersion = 10.0.40219.1
Project("{FAE04EC0-301F-11D3-BF4B-00C04F79EFBC}") = "Task1", "Homework1\Task1.csproj", "{A0C62EF0-4393-4319-8014-A688FBFB5DBD}"
EndProject
Project("{FAE04EC0-301F-11D3-BF4B-00C04F79EFBC}") = "Task2", "Task2\Task2.csproj", "{6078F35A-46FE-4778-BAC5-1DD323903D8B}"
EndProject
Project("{FAE04EC0-301F-11D3-BF4B-00C04F79EFBC}") = "Task3", "Task3\Task3.csproj", "{C7F0543D-5444-4BF4-9525-D6EB2AE5E8EF}"
EndProject
Global
	GlobalSection(SolutionConfigurationPlatforms) = preSolution
		Debug|Any CPU = Debug|Any CPU
		Release|Any CPU = Release|Any CPU
	EndGlobalSection
	GlobalSection(ProjectConfigurationPlatforms) = postSolution
		{A0C62EF0-4393-4319-8014-A688FBFB5DBD}.Debug|Any CPU.ActiveCfg = Debug|Any CPU
		{A0C62EF0-4393-4319-8014-A688FBFB5DBD}.Debug|Any CPU.Build.0 = Debug|Any CPU
		{A0C62EF0-4393-4319-8014-A688FBFB5DBD}.Release|Any CPU.ActiveCfg = Release|Any CPU
		{A0C62EF0-4393-4319-8014-A688FBFB5DBD}.Release|Any CPU.Build.0 = Release|Any CPU
		{6078F35A-46FE-4778-BAC5-1DD323903D8B}.Debug|Any CPU.ActiveCfg = Debug|Any CPU
		{6078F35A-46FE-4778-BAC5-1DD323903D8B}.Debug|Any CPU.Build.0 = Debug|Any CPU
		{6078F35A-46FE-4778-BAC5-1DD323903D8B}.Release|Any CPU.ActiveCfg = Release|Any CPU
		{6078F35A-46FE-4778-BAC5-1DD323903D8B}.Release|Any CPU.Build.0 = Release|Any CPU
		{C7F0543D-5444-4BF4-9525-D6EB2AE5E8EF}.Debug|Any CPU.ActiveCfg = Debug|Any CPU
		{C7F0543D-5444-4BF4-9525-D6EB2AE5E8EF}.Debug|Any CPU.Build.0 = Debug|Any CPU
		{C7F0543D-5444-4BF4-9525-D6EB2AE5E8EF}.Release|Any CPU.ActiveCfg = Release|Any CPU
		{C7F0543D-5444-4BF4-9525-D6EB2AE5E8EF}.Release|Any CPU.Build.0 = Release|Any CPU
	EndGlobalSection
	GlobalSection(SolutionProperties) = preSolution
		HideSolutionNode = FALSE
	EndGlobalSection
	GlobalSection(ExtensibilityGlobals) = postSolution
		SolutionGuid = {C4E73CAE-8984-4018-BAE7-70135F43BE65}
	EndGlobalSection
EndGlobal
